
Microsoft Visual Studio Solution File, Format Version 12.00
# Visual Studio Version 17
VisualStudioVersion = 17.4.33213.308
MinimumVisualStudioVersion = 10.0.40219.1
Project("{FAE04EC0-301F-11D3-BF4B-00C04F79EFBC}") = "HelloWorld", "HelloWorld\HelloWorld.csproj", "{B16D46EB-58EA-4909-838B-206F678A8BFD}"
EndProject
Global
	GlobalSection(SolutionConfigurationPlatforms) = preSolution
		Debug|Any CPU = Debug|Any CPU
		Release|Any CPU = Release|Any CPU
	EndGlobalSection
	GlobalSection(ProjectConfigurationPlatforms) = postSolution
		{B16D46EB-58EA-4909-838B-206F678A8BFD}.Debug|Any CPU.ActiveCfg = Debug|Any CPU
		{B16D46EB-58EA-4909-838B-206F678A8BFD}.Debug|Any CPU.Build.0 = Debug|Any CPU
		{B16D46EB-58EA-4909-838B-206F678A8BFD}.Release|Any CPU.ActiveCfg = Release|Any CPU
		{B16D46EB-58EA-4909-838B-206F678A8BFD}.Release|Any CPU.Build.0 = Release|Any CPU
	EndGlobalSection
	GlobalSection(SolutionProperties) = preSolution
		HideSolutionNode = FALSE
	EndGlobalSection
	GlobalSection(ExtensibilityGlobals) = postSolution
		SolutionGuid = {377F3952-7FB2-443C-86C0-982A64DF9047}
	EndGlobalSection
EndGlobal
